
Microsoft Visual Studio Solution File, Format Version 12.00
# Visual Studio Version 16
VisualStudioVersion = 16.0.30611.23
MinimumVisualStudioVersion = 10.0.40219.1
Project("{FAE04EC0-301F-11D3-BF4B-00C04F79EFBC}") = "Exercise", "Exercise\Exercise.csproj", "{2331CE6B-7926-42D8-8465-674C7BDBAC0F}"
EndProject
Global
	GlobalSection(SolutionConfigurationPlatforms) = preSolution
		Debug|Any CPU = Debug|Any CPU
		Release|Any CPU = Release|Any CPU
	EndGlobalSection
	GlobalSection(ProjectConfigurationPlatforms) = postSolution
		{2331CE6B-7926-42D8-8465-674C7BDBAC0F}.Debug|Any CPU.ActiveCfg = Debug|Any CPU
		{2331CE6B-7926-42D8-8465-674C7BDBAC0F}.Debug|Any CPU.Build.0 = Debug|Any CPU
		{2331CE6B-7926-42D8-8465-674C7BDBAC0F}.Release|Any CPU.ActiveCfg = Release|Any CPU
		{2331CE6B-7926-42D8-8465-674C7BDBAC0F}.Release|Any CPU.Build.0 = Release|Any CPU
	EndGlobalSection
	GlobalSection(SolutionProperties) = preSolution
		HideSolutionNode = FALSE
	EndGlobalSection
	GlobalSection(ExtensibilityGlobals) = postSolution
		SolutionGuid = {12A546D5-F16A-480D-B083-2368F924B1B6}
	EndGlobalSection
EndGlobal
